// !$*UTF8*$!
{
	archiveVersion = 1;
	classes = {
	};
	objectVersion = 55;
	objects = {

/* Begin PBXBuildFile section */
		35239316275CCBCE00EC7112 /* FlickerSampleApp.swift in Sources */ = {isa = PBXBuildFile; fileRef = 35239315275CCBCE00EC7112 /* FlickerSampleApp.swift */; };
		3523931A275CCBD100EC7112 /* Assets.xcassets in Resources */ = {isa = PBXBuildFile; fileRef = 35239319275CCBD100EC7112 /* Assets.xcassets */; };
		3523931D275CCBD100EC7112 /* Preview Assets.xcassets in Resources */ = {isa = PBXBuildFile; fileRef = 3523931C275CCBD100EC7112 /* Preview Assets.xcassets */; };
		35239327275CCBD200EC7112 /* FlickerSampleTests.swift in Sources */ = {isa = PBXBuildFile; fileRef = 35239326275CCBD200EC7112 /* FlickerSampleTests.swift */; };
		3523934C275CCCBC00EC7112 /* NetworkServices.framework in Frameworks */ = {isa = PBXBuildFile; fileRef = 35239344275CCCBC00EC7112 /* NetworkServices.framework */; };
		35239351275CCCBC00EC7112 /* NetworkServicesTests.swift in Sources */ = {isa = PBXBuildFile; fileRef = 35239350275CCCBC00EC7112 /* NetworkServicesTests.swift */; };
		3523935A275CD47B00EC7112 /* NetworkRequestClient.swift in Sources */ = {isa = PBXBuildFile; fileRef = 35239359275CD47B00EC7112 /* NetworkRequestClient.swift */; };
		3523935C275CD4A800EC7112 /* NetworkClient.swift in Sources */ = {isa = PBXBuildFile; fileRef = 3523935B275CD4A800EC7112 /* NetworkClient.swift */; };
		3523935E275CD4DD00EC7112 /* NetworkError.swift in Sources */ = {isa = PBXBuildFile; fileRef = 3523935D275CD4DD00EC7112 /* NetworkError.swift */; };
		352EFA25275CDA1A006281E2 /* Adapters.framework in Frameworks */ = {isa = PBXBuildFile; fileRef = 352EFA1D275CDA1A006281E2 /* Adapters.framework */; };
		352EFA2A275CDA1A006281E2 /* AdaptersTests.swift in Sources */ = {isa = PBXBuildFile; fileRef = 352EFA29275CDA1A006281E2 /* AdaptersTests.swift */; };
		352EFA33275CE34A006281E2 /* Config.swift in Sources */ = {isa = PBXBuildFile; fileRef = 352EFA32275CE34A006281E2 /* Config.swift */; };
		352EFA35275CE36D006281E2 /* EndpointFactory.swift in Sources */ = {isa = PBXBuildFile; fileRef = 352EFA34275CE36D006281E2 /* EndpointFactory.swift */; };
		352EFA44275CE6BD006281E2 /* Entities.framework in Frameworks */ = {isa = PBXBuildFile; fileRef = 352EFA3C275CE6BD006281E2 /* Entities.framework */; };
		352EFA52275CE6E8006281E2 /* RemotePhoto.swift in Sources */ = {isa = PBXBuildFile; fileRef = 352EFA51275CE6E8006281E2 /* RemotePhoto.swift */; };
		352EFA54275CE7DB006281E2 /* Entities.framework in Frameworks */ = {isa = PBXBuildFile; fileRef = 352EFA3C275CE6BD006281E2 /* Entities.framework */; };
		352EFA55275CE7DB006281E2 /* Entities.framework in Embed Frameworks */ = {isa = PBXBuildFile; fileRef = 352EFA3C275CE6BD006281E2 /* Entities.framework */; settings = {ATTRIBUTES = (CodeSignOnCopy, RemoveHeadersOnCopy, ); }; };
		352EFA5A275CECAD006281E2 /* ContainerPhotoViewModel.swift in Sources */ = {isa = PBXBuildFile; fileRef = 352EFA59275CECAD006281E2 /* ContainerPhotoViewModel.swift */; };
		352EFA5C275CECC4006281E2 /* PhotoViewModel.swift in Sources */ = {isa = PBXBuildFile; fileRef = 352EFA5B275CECC4006281E2 /* PhotoViewModel.swift */; };
		352EFA5E275CECF8006281E2 /* PhotoAdapter.swift in Sources */ = {isa = PBXBuildFile; fileRef = 352EFA5D275CECF8006281E2 /* PhotoAdapter.swift */; };
		352EFA60275CED00006281E2 /* PhotoLoader.swift in Sources */ = {isa = PBXBuildFile; fileRef = 352EFA5F275CED00006281E2 /* PhotoLoader.swift */; };
		352EFA62275CED1F006281E2 /* PhotoRequest.swift in Sources */ = {isa = PBXBuildFile; fileRef = 352EFA61275CED1F006281E2 /* PhotoRequest.swift */; };
		352EFA64275CF41C006281E2 /* CompositionRoot.swift in Sources */ = {isa = PBXBuildFile; fileRef = 352EFA63275CF41C006281E2 /* CompositionRoot.swift */; };
		352EFA65275CF449006281E2 /* Adapters.framework in Frameworks */ = {isa = PBXBuildFile; fileRef = 352EFA1D275CDA1A006281E2 /* Adapters.framework */; platformFilter = ios; };
		352EFA66275CF449006281E2 /* Adapters.framework in Embed Frameworks */ = {isa = PBXBuildFile; fileRef = 352EFA1D275CDA1A006281E2 /* Adapters.framework */; settings = {ATTRIBUTES = (CodeSignOnCopy, RemoveHeadersOnCopy, ); }; };
		352EFA6A275CF451006281E2 /* NetworkServices.framework in Frameworks */ = {isa = PBXBuildFile; fileRef = 35239344275CCCBC00EC7112 /* NetworkServices.framework */; platformFilter = ios; };
		352EFA6B275CF451006281E2 /* NetworkServices.framework in Embed Frameworks */ = {isa = PBXBuildFile; fileRef = 35239344275CCCBC00EC7112 /* NetworkServices.framework */; settings = {ATTRIBUTES = (CodeSignOnCopy, RemoveHeadersOnCopy, ); }; };
		352EFA6F275CF504006281E2 /* PhotoContainerView.swift in Sources */ = {isa = PBXBuildFile; fileRef = 352EFA6E275CF504006281E2 /* PhotoContainerView.swift */; };
		352EFA71275CF50C006281E2 /* PhotoContainerViewModel.swift in Sources */ = {isa = PBXBuildFile; fileRef = 352EFA70275CF50C006281E2 /* PhotoContainerViewModel.swift */; };
		352EFA75275D02C3006281E2 /* PhotoListView.swift in Sources */ = {isa = PBXBuildFile; fileRef = 352EFA74275D02C3006281E2 /* PhotoListView.swift */; };
		352EFA78275D04E0006281E2 /* ImageCacheTests.swift in Sources */ = {isa = PBXBuildFile; fileRef = 352EFA77275D04E0006281E2 /* ImageCacheTests.swift */; };
		352EFA7A275D074F006281E2 /* ImageCache.swift in Sources */ = {isa = PBXBuildFile; fileRef = 352EFA79275D074F006281E2 /* ImageCache.swift */; };
		352EFA7C275D07C4006281E2 /* ImageCaching.swift in Sources */ = {isa = PBXBuildFile; fileRef = 352EFA7B275D07C4006281E2 /* ImageCaching.swift */; };
		352EFA7E275D081C006281E2 /* ImageLoaderTests.swift in Sources */ = {isa = PBXBuildFile; fileRef = 352EFA7D275D081C006281E2 /* ImageLoaderTests.swift */; };
		352EFA80275D0C8B006281E2 /* ImageLoading.swift in Sources */ = {isa = PBXBuildFile; fileRef = 352EFA7F275D0C8B006281E2 /* ImageLoading.swift */; };
		352EFA82275D0CD5006281E2 /* ImageLoader.swift in Sources */ = {isa = PBXBuildFile; fileRef = 352EFA81275D0CD5006281E2 /* ImageLoader.swift */; };
		352EFA84275D0D47006281E2 /* AsyncImageView.swift in Sources */ = {isa = PBXBuildFile; fileRef = 352EFA83275D0D47006281E2 /* AsyncImageView.swift */; };
		352EFA86275D1F87006281E2 /* PhotoViewModel.swift in Sources */ = {isa = PBXBuildFile; fileRef = 352EFA85275D1F87006281E2 /* PhotoViewModel.swift */; };
/* End PBXBuildFile section */

/* Begin PBXContainerItemProxy section */
		35239323275CCBD200EC7112 /* PBXContainerItemProxy */ = {
			isa = PBXContainerItemProxy;
			containerPortal = 3523930A275CCBCD00EC7112 /* Project object */;
			proxyType = 1;
			remoteGlobalIDString = 35239311275CCBCE00EC7112;
			remoteInfo = FlickerSample;
		};
		3523934D275CCCBC00EC7112 /* PBXContainerItemProxy */ = {
			isa = PBXContainerItemProxy;
			containerPortal = 3523930A275CCBCD00EC7112 /* Project object */;
			proxyType = 1;
			remoteGlobalIDString = 35239343275CCCBC00EC7112;
			remoteInfo = NetworkServices;
		};
		352EFA26275CDA1A006281E2 /* PBXContainerItemProxy */ = {
			isa = PBXContainerItemProxy;
			containerPortal = 3523930A275CCBCD00EC7112 /* Project object */;
			proxyType = 1;
			remoteGlobalIDString = 352EFA1C275CDA1A006281E2;
			remoteInfo = Adapters;
		};
		352EFA45275CE6BD006281E2 /* PBXContainerItemProxy */ = {
			isa = PBXContainerItemProxy;
			containerPortal = 3523930A275CCBCD00EC7112 /* Project object */;
			proxyType = 1;
			remoteGlobalIDString = 352EFA3B275CE6BD006281E2;
			remoteInfo = Entities;
		};
		352EFA56275CE7DB006281E2 /* PBXContainerItemProxy */ = {
			isa = PBXContainerItemProxy;
			containerPortal = 3523930A275CCBCD00EC7112 /* Project object */;
			proxyType = 1;
			remoteGlobalIDString = 352EFA3B275CE6BD006281E2;
			remoteInfo = Entities;
		};
		352EFA67275CF449006281E2 /* PBXContainerItemProxy */ = {
			isa = PBXContainerItemProxy;
			containerPortal = 3523930A275CCBCD00EC7112 /* Project object */;
			proxyType = 1;
			remoteGlobalIDString = 352EFA1C275CDA1A006281E2;
			remoteInfo = Adapters;
		};
		352EFA6C275CF451006281E2 /* PBXContainerItemProxy */ = {
			isa = PBXContainerItemProxy;
			containerPortal = 3523930A275CCBCD00EC7112 /* Project object */;
			proxyType = 1;
			remoteGlobalIDString = 35239343275CCCBC00EC7112;
			remoteInfo = NetworkServices;
		};
/* End PBXContainerItemProxy section */

/* Begin PBXCopyFilesBuildPhase section */
		352EFA58275CE7DB006281E2 /* Embed Frameworks */ = {
			isa = PBXCopyFilesBuildPhase;
			buildActionMask = 2147483647;
			dstPath = "";
			dstSubfolderSpec = 10;
			files = (
				352EFA55275CE7DB006281E2 /* Entities.framework in Embed Frameworks */,
			);
			name = "Embed Frameworks";
			runOnlyForDeploymentPostprocessing = 0;
		};
		352EFA69275CF449006281E2 /* Embed Frameworks */ = {
			isa = PBXCopyFilesBuildPhase;
			buildActionMask = 2147483647;
			dstPath = "";
			dstSubfolderSpec = 10;
			files = (
				352EFA66275CF449006281E2 /* Adapters.framework in Embed Frameworks */,
				352EFA6B275CF451006281E2 /* NetworkServices.framework in Embed Frameworks */,
			);
			name = "Embed Frameworks";
			runOnlyForDeploymentPostprocessing = 0;
		};
/* End PBXCopyFilesBuildPhase section */

/* Begin PBXFileReference section */
		35239312275CCBCE00EC7112 /* FlickerSample.app */ = {isa = PBXFileReference; explicitFileType = wrapper.application; includeInIndex = 0; path = FlickerSample.app; sourceTree = BUILT_PRODUCTS_DIR; };
		35239315275CCBCE00EC7112 /* FlickerSampleApp.swift */ = {isa = PBXFileReference; lastKnownFileType = sourcecode.swift; path = FlickerSampleApp.swift; sourceTree = "<group>"; };
		35239319275CCBD100EC7112 /* Assets.xcassets */ = {isa = PBXFileReference; lastKnownFileType = folder.assetcatalog; path = Assets.xcassets; sourceTree = "<group>"; };
		3523931C275CCBD100EC7112 /* Preview Assets.xcassets */ = {isa = PBXFileReference; lastKnownFileType = folder.assetcatalog; path = "Preview Assets.xcassets"; sourceTree = "<group>"; };
		35239322275CCBD200EC7112 /* FlickerSampleTests.xctest */ = {isa = PBXFileReference; explicitFileType = wrapper.cfbundle; includeInIndex = 0; path = FlickerSampleTests.xctest; sourceTree = BUILT_PRODUCTS_DIR; };
		35239326275CCBD200EC7112 /* FlickerSampleTests.swift */ = {isa = PBXFileReference; lastKnownFileType = sourcecode.swift; path = FlickerSampleTests.swift; sourceTree = "<group>"; };
		35239344275CCCBC00EC7112 /* NetworkServices.framework */ = {isa = PBXFileReference; explicitFileType = wrapper.framework; includeInIndex = 0; path = NetworkServices.framework; sourceTree = BUILT_PRODUCTS_DIR; };
		3523934B275CCCBC00EC7112 /* NetworkServicesTests.xctest */ = {isa = PBXFileReference; explicitFileType = wrapper.cfbundle; includeInIndex = 0; path = NetworkServicesTests.xctest; sourceTree = BUILT_PRODUCTS_DIR; };
		35239350275CCCBC00EC7112 /* NetworkServicesTests.swift */ = {isa = PBXFileReference; lastKnownFileType = sourcecode.swift; path = NetworkServicesTests.swift; sourceTree = "<group>"; };
		35239359275CD47B00EC7112 /* NetworkRequestClient.swift */ = {isa = PBXFileReference; lastKnownFileType = sourcecode.swift; path = NetworkRequestClient.swift; sourceTree = "<group>"; };
		3523935B275CD4A800EC7112 /* NetworkClient.swift */ = {isa = PBXFileReference; lastKnownFileType = sourcecode.swift; path = NetworkClient.swift; sourceTree = "<group>"; };
		3523935D275CD4DD00EC7112 /* NetworkError.swift */ = {isa = PBXFileReference; lastKnownFileType = sourcecode.swift; path = NetworkError.swift; sourceTree = "<group>"; };
		352EFA1D275CDA1A006281E2 /* Adapters.framework */ = {isa = PBXFileReference; explicitFileType = wrapper.framework; includeInIndex = 0; path = Adapters.framework; sourceTree = BUILT_PRODUCTS_DIR; };
		352EFA24275CDA1A006281E2 /* AdaptersTests.xctest */ = {isa = PBXFileReference; explicitFileType = wrapper.cfbundle; includeInIndex = 0; path = AdaptersTests.xctest; sourceTree = BUILT_PRODUCTS_DIR; };
		352EFA29275CDA1A006281E2 /* AdaptersTests.swift */ = {isa = PBXFileReference; lastKnownFileType = sourcecode.swift; path = AdaptersTests.swift; sourceTree = "<group>"; };
		352EFA32275CE34A006281E2 /* Config.swift */ = {isa = PBXFileReference; lastKnownFileType = sourcecode.swift; path = Config.swift; sourceTree = "<group>"; };
		352EFA34275CE36D006281E2 /* EndpointFactory.swift */ = {isa = PBXFileReference; lastKnownFileType = sourcecode.swift; path = EndpointFactory.swift; sourceTree = "<group>"; };
		352EFA3C275CE6BD006281E2 /* Entities.framework */ = {isa = PBXFileReference; explicitFileType = wrapper.framework; includeInIndex = 0; path = Entities.framework; sourceTree = BUILT_PRODUCTS_DIR; };
		352EFA43275CE6BD006281E2 /* EntitiesTests.xctest */ = {isa = PBXFileReference; explicitFileType = wrapper.cfbundle; includeInIndex = 0; path = EntitiesTests.xctest; sourceTree = BUILT_PRODUCTS_DIR; };
		352EFA51275CE6E8006281E2 /* RemotePhoto.swift */ = {isa = PBXFileReference; lastKnownFileType = sourcecode.swift; path = RemotePhoto.swift; sourceTree = "<group>"; };
		352EFA59275CECAD006281E2 /* ContainerPhotoViewModel.swift */ = {isa = PBXFileReference; lastKnownFileType = sourcecode.swift; path = ContainerPhotoViewModel.swift; sourceTree = "<group>"; };
		352EFA5B275CECC4006281E2 /* PhotoViewModel.swift */ = {isa = PBXFileReference; lastKnownFileType = sourcecode.swift; path = PhotoViewModel.swift; sourceTree = "<group>"; };
		352EFA5D275CECF8006281E2 /* PhotoAdapter.swift */ = {isa = PBXFileReference; lastKnownFileType = sourcecode.swift; path = PhotoAdapter.swift; sourceTree = "<group>"; };
		352EFA5F275CED00006281E2 /* PhotoLoader.swift */ = {isa = PBXFileReference; lastKnownFileType = sourcecode.swift; path = PhotoLoader.swift; sourceTree = "<group>"; };
		352EFA61275CED1F006281E2 /* PhotoRequest.swift */ = {isa = PBXFileReference; lastKnownFileType = sourcecode.swift; path = PhotoRequest.swift; sourceTree = "<group>"; };
		352EFA63275CF41C006281E2 /* CompositionRoot.swift */ = {isa = PBXFileReference; lastKnownFileType = sourcecode.swift; path = CompositionRoot.swift; sourceTree = "<group>"; };
		352EFA6E275CF504006281E2 /* PhotoContainerView.swift */ = {isa = PBXFileReference; lastKnownFileType = sourcecode.swift; path = PhotoContainerView.swift; sourceTree = "<group>"; };
		352EFA70275CF50C006281E2 /* PhotoContainerViewModel.swift */ = {isa = PBXFileReference; lastKnownFileType = sourcecode.swift; path = PhotoContainerViewModel.swift; sourceTree = "<group>"; };
		352EFA74275D02C3006281E2 /* PhotoListView.swift */ = {isa = PBXFileReference; lastKnownFileType = sourcecode.swift; path = PhotoListView.swift; sourceTree = "<group>"; };
		352EFA77275D04E0006281E2 /* ImageCacheTests.swift */ = {isa = PBXFileReference; lastKnownFileType = sourcecode.swift; path = ImageCacheTests.swift; sourceTree = "<group>"; };
		352EFA79275D074F006281E2 /* ImageCache.swift */ = {isa = PBXFileReference; lastKnownFileType = sourcecode.swift; path = ImageCache.swift; sourceTree = "<group>"; };
		352EFA7B275D07C4006281E2 /* ImageCaching.swift */ = {isa = PBXFileReference; lastKnownFileType = sourcecode.swift; path = ImageCaching.swift; sourceTree = "<group>"; };
		352EFA7D275D081C006281E2 /* ImageLoaderTests.swift */ = {isa = PBXFileReference; lastKnownFileType = sourcecode.swift; path = ImageLoaderTests.swift; sourceTree = "<group>"; };
		352EFA7F275D0C8B006281E2 /* ImageLoading.swift */ = {isa = PBXFileReference; lastKnownFileType = sourcecode.swift; path = ImageLoading.swift; sourceTree = "<group>"; };
		352EFA81275D0CD5006281E2 /* ImageLoader.swift */ = {isa = PBXFileReference; lastKnownFileType = sourcecode.swift; path = ImageLoader.swift; sourceTree = "<group>"; };
		352EFA83275D0D47006281E2 /* AsyncImageView.swift */ = {isa = PBXFileReference; lastKnownFileType = sourcecode.swift; path = AsyncImageView.swift; sourceTree = "<group>"; };
		352EFA85275D1F87006281E2 /* PhotoViewModel.swift */ = {isa = PBXFileReference; lastKnownFileType = sourcecode.swift; path = PhotoViewModel.swift; sourceTree = "<group>"; };
/* End PBXFileReference section */

/* Begin PBXFrameworksBuildPhase section */
		3523930F275CCBCE00EC7112 /* Frameworks */ = {
			isa = PBXFrameworksBuildPhase;
			buildActionMask = 2147483647;
			files = (
				352EFA65275CF449006281E2 /* Adapters.framework in Frameworks */,
				352EFA6A275CF451006281E2 /* NetworkServices.framework in Frameworks */,
			);
			runOnlyForDeploymentPostprocessing = 0;
		};
		3523931F275CCBD200EC7112 /* Frameworks */ = {
			isa = PBXFrameworksBuildPhase;
			buildActionMask = 2147483647;
			files = (
			);
			runOnlyForDeploymentPostprocessing = 0;
		};
		35239341275CCCBC00EC7112 /* Frameworks */ = {
			isa = PBXFrameworksBuildPhase;
			buildActionMask = 2147483647;
			files = (
			);
			runOnlyForDeploymentPostprocessing = 0;
		};
		35239348275CCCBC00EC7112 /* Frameworks */ = {
			isa = PBXFrameworksBuildPhase;
			buildActionMask = 2147483647;
			files = (
				3523934C275CCCBC00EC7112 /* NetworkServices.framework in Frameworks */,
			);
			runOnlyForDeploymentPostprocessing = 0;
		};
		352EFA1A275CDA1A006281E2 /* Frameworks */ = {
			isa = PBXFrameworksBuildPhase;
			buildActionMask = 2147483647;
			files = (
				352EFA54275CE7DB006281E2 /* Entities.framework in Frameworks */,
			);
			runOnlyForDeploymentPostprocessing = 0;
		};
		352EFA21275CDA1A006281E2 /* Frameworks */ = {
			isa = PBXFrameworksBuildPhase;
			buildActionMask = 2147483647;
			files = (
				352EFA25275CDA1A006281E2 /* Adapters.framework in Frameworks */,
			);
			runOnlyForDeploymentPostprocessing = 0;
		};
		352EFA39275CE6BD006281E2 /* Frameworks */ = {
			isa = PBXFrameworksBuildPhase;
			buildActionMask = 2147483647;
			files = (
			);
			runOnlyForDeploymentPostprocessing = 0;
		};
		352EFA40275CE6BD006281E2 /* Frameworks */ = {
			isa = PBXFrameworksBuildPhase;
			buildActionMask = 2147483647;
			files = (
				352EFA44275CE6BD006281E2 /* Entities.framework in Frameworks */,
			);
			runOnlyForDeploymentPostprocessing = 0;
		};
/* End PBXFrameworksBuildPhase section */

/* Begin PBXGroup section */
		35239309275CCBCD00EC7112 = {
			isa = PBXGroup;
			children = (
				35239314275CCBCE00EC7112 /* FlickerSample */,
				35239325275CCBD200EC7112 /* FlickerSampleTests */,
				35239345275CCCBC00EC7112 /* NetworkServices */,
				3523934F275CCCBC00EC7112 /* NetworkServicesTests */,
				352EFA1E275CDA1A006281E2 /* Adapters */,
				352EFA28275CDA1A006281E2 /* AdaptersTests */,
				352EFA3D275CE6BD006281E2 /* Entities */,
				35239313275CCBCE00EC7112 /* Products */,
				352EFA53275CE7DB006281E2 /* Frameworks */,
			);
			sourceTree = "<group>";
		};
		35239313275CCBCE00EC7112 /* Products */ = {
			isa = PBXGroup;
			children = (
				35239312275CCBCE00EC7112 /* FlickerSample.app */,
				35239322275CCBD200EC7112 /* FlickerSampleTests.xctest */,
				35239344275CCCBC00EC7112 /* NetworkServices.framework */,
				3523934B275CCCBC00EC7112 /* NetworkServicesTests.xctest */,
				352EFA1D275CDA1A006281E2 /* Adapters.framework */,
				352EFA24275CDA1A006281E2 /* AdaptersTests.xctest */,
				352EFA3C275CE6BD006281E2 /* Entities.framework */,
				352EFA43275CE6BD006281E2 /* EntitiesTests.xctest */,
			);
			name = Products;
			sourceTree = "<group>";
		};
		35239314275CCBCE00EC7112 /* FlickerSample */ = {
			isa = PBXGroup;
			children = (
				352EFA73275CF621006281E2 /* Root */,
				352EFA72275CF5C2006281E2 /* Views */,
				35239319275CCBD100EC7112 /* Assets.xcassets */,
				3523931B275CCBD100EC7112 /* Preview Content */,
			);
			path = FlickerSample;
			sourceTree = "<group>";
		};
		3523931B275CCBD100EC7112 /* Preview Content */ = {
			isa = PBXGroup;
			children = (
				3523931C275CCBD100EC7112 /* Preview Assets.xcassets */,
			);
			path = "Preview Content";
			sourceTree = "<group>";
		};
		35239325275CCBD200EC7112 /* FlickerSampleTests */ = {
			isa = PBXGroup;
			children = (
				35239326275CCBD200EC7112 /* FlickerSampleTests.swift */,
				352EFA77275D04E0006281E2 /* ImageCacheTests.swift */,
				352EFA7D275D081C006281E2 /* ImageLoaderTests.swift */,
			);
			path = FlickerSampleTests;
			sourceTree = "<group>";
		};
		35239345275CCCBC00EC7112 /* NetworkServices */ = {
			isa = PBXGroup;
			children = (
				35239359275CD47B00EC7112 /* NetworkRequestClient.swift */,
				3523935B275CD4A800EC7112 /* NetworkClient.swift */,
				3523935D275CD4DD00EC7112 /* NetworkError.swift */,
			);
			path = NetworkServices;
			sourceTree = "<group>";
		};
		3523934F275CCCBC00EC7112 /* NetworkServicesTests */ = {
			isa = PBXGroup;
			children = (
				35239350275CCCBC00EC7112 /* NetworkServicesTests.swift */,
			);
			path = NetworkServicesTests;
			sourceTree = "<group>";
		};
		352EFA1E275CDA1A006281E2 /* Adapters */ = {
			isa = PBXGroup;
			children = (
				352EFA36275CE670006281E2 /* Helper */,
				352EFA5D275CECF8006281E2 /* PhotoAdapter.swift */,
				352EFA5F275CED00006281E2 /* PhotoLoader.swift */,
				352EFA61275CED1F006281E2 /* PhotoRequest.swift */,
				352EFA59275CECAD006281E2 /* ContainerPhotoViewModel.swift */,
				352EFA5B275CECC4006281E2 /* PhotoViewModel.swift */,
			);
			path = Adapters;
			sourceTree = "<group>";
		};
		352EFA28275CDA1A006281E2 /* AdaptersTests */ = {
			isa = PBXGroup;
			children = (
				352EFA29275CDA1A006281E2 /* AdaptersTests.swift */,
			);
			path = AdaptersTests;
			sourceTree = "<group>";
		};
		352EFA36275CE670006281E2 /* Helper */ = {
			isa = PBXGroup;
			children = (
				352EFA32275CE34A006281E2 /* Config.swift */,
				352EFA34275CE36D006281E2 /* EndpointFactory.swift */,
			);
			path = Helper;
			sourceTree = "<group>";
		};
		352EFA3D275CE6BD006281E2 /* Entities */ = {
			isa = PBXGroup;
			children = (
				352EFA51275CE6E8006281E2 /* RemotePhoto.swift */,
			);
			path = Entities;
			sourceTree = "<group>";
		};
		352EFA53275CE7DB006281E2 /* Frameworks */ = {
			isa = PBXGroup;
			children = (
			);
			name = Frameworks;
			sourceTree = "<group>";
		};
		352EFA72275CF5C2006281E2 /* Views */ = {
			isa = PBXGroup;
			children = (
				352EFA76275D0464006281E2 /* AsyncImage */,
				352EFA6E275CF504006281E2 /* PhotoContainerView.swift */,
				352EFA70275CF50C006281E2 /* PhotoContainerViewModel.swift */,
				352EFA85275D1F87006281E2 /* PhotoViewModel.swift */,
				352EFA74275D02C3006281E2 /* PhotoListView.swift */,
			);
			path = Views;
			sourceTree = "<group>";
		};
		352EFA73275CF621006281E2 /* Root */ = {
			isa = PBXGroup;
			children = (
				35239315275CCBCE00EC7112 /* FlickerSampleApp.swift */,
				352EFA63275CF41C006281E2 /* CompositionRoot.swift */,
			);
			path = Root;
			sourceTree = "<group>";
		};
		352EFA76275D0464006281E2 /* AsyncImage */ = {
			isa = PBXGroup;
			children = (
				352EFA79275D074F006281E2 /* ImageCache.swift */,
				352EFA7B275D07C4006281E2 /* ImageCaching.swift */,
				352EFA7F275D0C8B006281E2 /* ImageLoading.swift */,
				352EFA81275D0CD5006281E2 /* ImageLoader.swift */,
				352EFA83275D0D47006281E2 /* AsyncImageView.swift */,
			);
			path = AsyncImage;
			sourceTree = "<group>";
		};
/* End PBXGroup section */

/* Begin PBXHeadersBuildPhase section */
		3523933F275CCCBC00EC7112 /* Headers */ = {
			isa = PBXHeadersBuildPhase;
			buildActionMask = 2147483647;
			files = (
			);
			runOnlyForDeploymentPostprocessing = 0;
		};
		352EFA18275CDA1A006281E2 /* Headers */ = {
			isa = PBXHeadersBuildPhase;
			buildActionMask = 2147483647;
			files = (
			);
			runOnlyForDeploymentPostprocessing = 0;
		};
		352EFA37275CE6BD006281E2 /* Headers */ = {
			isa = PBXHeadersBuildPhase;
			buildActionMask = 2147483647;
			files = (
			);
			runOnlyForDeploymentPostprocessing = 0;
		};
/* End PBXHeadersBuildPhase section */

/* Begin PBXNativeTarget section */
		35239311275CCBCE00EC7112 /* FlickerSample */ = {
			isa = PBXNativeTarget;
			buildConfigurationList = 35239336275CCBD200EC7112 /* Build configuration list for PBXNativeTarget "FlickerSample" */;
			buildPhases = (
				3523930E275CCBCE00EC7112 /* Sources */,
				3523930F275CCBCE00EC7112 /* Frameworks */,
				35239310275CCBCE00EC7112 /* Resources */,
				352EFA69275CF449006281E2 /* Embed Frameworks */,
			);
			buildRules = (
			);
			dependencies = (
				352EFA68275CF449006281E2 /* PBXTargetDependency */,
				352EFA6D275CF451006281E2 /* PBXTargetDependency */,
			);
			name = FlickerSample;
			productName = FlickerSample;
			productReference = 35239312275CCBCE00EC7112 /* FlickerSample.app */;
			productType = "com.apple.product-type.application";
		};
		35239321275CCBD200EC7112 /* FlickerSampleTests */ = {
			isa = PBXNativeTarget;
			buildConfigurationList = 35239339275CCBD200EC7112 /* Build configuration list for PBXNativeTarget "FlickerSampleTests" */;
			buildPhases = (
				3523931E275CCBD200EC7112 /* Sources */,
				3523931F275CCBD200EC7112 /* Frameworks */,
				35239320275CCBD200EC7112 /* Resources */,
			);
			buildRules = (
			);
			dependencies = (
				35239324275CCBD200EC7112 /* PBXTargetDependency */,
			);
			name = FlickerSampleTests;
			productName = FlickerSampleTests;
			productReference = 35239322275CCBD200EC7112 /* FlickerSampleTests.xctest */;
			productType = "com.apple.product-type.bundle.unit-test";
		};
		35239343275CCCBC00EC7112 /* NetworkServices */ = {
			isa = PBXNativeTarget;
			buildConfigurationList = 35239353275CCCBC00EC7112 /* Build configuration list for PBXNativeTarget "NetworkServices" */;
			buildPhases = (
				3523933F275CCCBC00EC7112 /* Headers */,
				35239340275CCCBC00EC7112 /* Sources */,
				35239341275CCCBC00EC7112 /* Frameworks */,
				35239342275CCCBC00EC7112 /* Resources */,
			);
			buildRules = (
			);
			dependencies = (
			);
			name = NetworkServices;
			productName = NetworkServices;
			productReference = 35239344275CCCBC00EC7112 /* NetworkServices.framework */;
			productType = "com.apple.product-type.framework";
		};
		3523934A275CCCBC00EC7112 /* NetworkServicesTests */ = {
			isa = PBXNativeTarget;
			buildConfigurationList = 35239356275CCCBC00EC7112 /* Build configuration list for PBXNativeTarget "NetworkServicesTests" */;
			buildPhases = (
				35239347275CCCBC00EC7112 /* Sources */,
				35239348275CCCBC00EC7112 /* Frameworks */,
				35239349275CCCBC00EC7112 /* Resources */,
			);
			buildRules = (
			);
			dependencies = (
				3523934E275CCCBC00EC7112 /* PBXTargetDependency */,
			);
			name = NetworkServicesTests;
			productName = NetworkServicesTests;
			productReference = 3523934B275CCCBC00EC7112 /* NetworkServicesTests.xctest */;
			productType = "com.apple.product-type.bundle.unit-test";
		};
		352EFA1C275CDA1A006281E2 /* Adapters */ = {
			isa = PBXNativeTarget;
			buildConfigurationList = 352EFA2C275CDA1A006281E2 /* Build configuration list for PBXNativeTarget "Adapters" */;
			buildPhases = (
				352EFA18275CDA1A006281E2 /* Headers */,
				352EFA19275CDA1A006281E2 /* Sources */,
				352EFA1A275CDA1A006281E2 /* Frameworks */,
				352EFA1B275CDA1A006281E2 /* Resources */,
				352EFA58275CE7DB006281E2 /* Embed Frameworks */,
			);
			buildRules = (
			);
			dependencies = (
				352EFA57275CE7DB006281E2 /* PBXTargetDependency */,
			);
			name = Adapters;
			productName = Adapters;
			productReference = 352EFA1D275CDA1A006281E2 /* Adapters.framework */;
			productType = "com.apple.product-type.framework";
		};
		352EFA23275CDA1A006281E2 /* AdaptersTests */ = {
			isa = PBXNativeTarget;
			buildConfigurationList = 352EFA2F275CDA1A006281E2 /* Build configuration list for PBXNativeTarget "AdaptersTests" */;
			buildPhases = (
				352EFA20275CDA1A006281E2 /* Sources */,
				352EFA21275CDA1A006281E2 /* Frameworks */,
				352EFA22275CDA1A006281E2 /* Resources */,
			);
			buildRules = (
			);
			dependencies = (
				352EFA27275CDA1A006281E2 /* PBXTargetDependency */,
			);
			name = AdaptersTests;
			productName = AdaptersTests;
			productReference = 352EFA24275CDA1A006281E2 /* AdaptersTests.xctest */;
			productType = "com.apple.product-type.bundle.unit-test";
		};
		352EFA3B275CE6BD006281E2 /* Entities */ = {
			isa = PBXNativeTarget;
			buildConfigurationList = 352EFA4B275CE6BD006281E2 /* Build configuration list for PBXNativeTarget "Entities" */;
			buildPhases = (
				352EFA37275CE6BD006281E2 /* Headers */,
				352EFA38275CE6BD006281E2 /* Sources */,
				352EFA39275CE6BD006281E2 /* Frameworks */,
				352EFA3A275CE6BD006281E2 /* Resources */,
			);
			buildRules = (
			);
			dependencies = (
			);
			name = Entities;
			productName = Entities;
			productReference = 352EFA3C275CE6BD006281E2 /* Entities.framework */;
			productType = "com.apple.product-type.framework";
		};
		352EFA42275CE6BD006281E2 /* EntitiesTests */ = {
			isa = PBXNativeTarget;
			buildConfigurationList = 352EFA4E275CE6BD006281E2 /* Build configuration list for PBXNativeTarget "EntitiesTests" */;
			buildPhases = (
				352EFA3F275CE6BD006281E2 /* Sources */,
				352EFA40275CE6BD006281E2 /* Frameworks */,
				352EFA41275CE6BD006281E2 /* Resources */,
			);
			buildRules = (
			);
			dependencies = (
				352EFA46275CE6BD006281E2 /* PBXTargetDependency */,
			);
			name = EntitiesTests;
			productName = EntitiesTests;
			productReference = 352EFA43275CE6BD006281E2 /* EntitiesTests.xctest */;
			productType = "com.apple.product-type.bundle.unit-test";
		};
/* End PBXNativeTarget section */

/* Begin PBXProject section */
		3523930A275CCBCD00EC7112 /* Project object */ = {
			isa = PBXProject;
			attributes = {
				BuildIndependentTargetsInParallel = 1;
				LastSwiftUpdateCheck = 1300;
				LastUpgradeCheck = 1300;
				TargetAttributes = {
					35239311275CCBCE00EC7112 = {
						CreatedOnToolsVersion = 13.0;
					};
					35239321275CCBD200EC7112 = {
						CreatedOnToolsVersion = 13.0;
						TestTargetID = 35239311275CCBCE00EC7112;
					};
					35239343275CCCBC00EC7112 = {
						CreatedOnToolsVersion = 13.0;
						LastSwiftMigration = 1300;
					};
					3523934A275CCCBC00EC7112 = {
						CreatedOnToolsVersion = 13.0;
					};
					352EFA1C275CDA1A006281E2 = {
						CreatedOnToolsVersion = 13.0;
						LastSwiftMigration = 1300;
					};
					352EFA23275CDA1A006281E2 = {
						CreatedOnToolsVersion = 13.0;
					};
					352EFA3B275CE6BD006281E2 = {
						CreatedOnToolsVersion = 13.0;
						LastSwiftMigration = 1300;
					};
					352EFA42275CE6BD006281E2 = {
						CreatedOnToolsVersion = 13.0;
					};
				};
			};
			buildConfigurationList = 3523930D275CCBCD00EC7112 /* Build configuration list for PBXProject "FlickerSample" */;
			compatibilityVersion = "Xcode 13.0";
			developmentRegion = en;
			hasScannedForEncodings = 0;
			knownRegions = (
				en,
				Base,
			);
			mainGroup = 35239309275CCBCD00EC7112;
			productRefGroup = 35239313275CCBCE00EC7112 /* Products */;
			projectDirPath = "";
			projectRoot = "";
			targets = (
				35239311275CCBCE00EC7112 /* FlickerSample */,
				35239321275CCBD200EC7112 /* FlickerSampleTests */,
				35239343275CCCBC00EC7112 /* NetworkServices */,
				3523934A275CCCBC00EC7112 /* NetworkServicesTests */,
				352EFA1C275CDA1A006281E2 /* Adapters */,
				352EFA23275CDA1A006281E2 /* AdaptersTests */,
				352EFA3B275CE6BD006281E2 /* Entities */,
				352EFA42275CE6BD006281E2 /* EntitiesTests */,
			);
		};
/* End PBXProject section */

/* Begin PBXResourcesBuildPhase section */
		35239310275CCBCE00EC7112 /* Resources */ = {
			isa = PBXResourcesBuildPhase;
			buildActionMask = 2147483647;
			files = (
				3523931D275CCBD100EC7112 /* Preview Assets.xcassets in Resources */,
				3523931A275CCBD100EC7112 /* Assets.xcassets in Resources */,
			);
			runOnlyForDeploymentPostprocessing = 0;
		};
		35239320275CCBD200EC7112 /* Resources */ = {
			isa = PBXResourcesBuildPhase;
			buildActionMask = 2147483647;
			files = (
			);
			runOnlyForDeploymentPostprocessing = 0;
		};
		35239342275CCCBC00EC7112 /* Resources */ = {
			isa = PBXResourcesBuildPhase;
			buildActionMask = 2147483647;
			files = (
			);
			runOnlyForDeploymentPostprocessing = 0;
		};
		35239349275CCCBC00EC7112 /* Resources */ = {
			isa = PBXResourcesBuildPhase;
			buildActionMask = 2147483647;
			files = (
			);
			runOnlyForDeploymentPostprocessing = 0;
		};
		352EFA1B275CDA1A006281E2 /* Resources */ = {
			isa = PBXResourcesBuildPhase;
			buildActionMask = 2147483647;
			files = (
			);
			runOnlyForDeploymentPostprocessing = 0;
		};
		352EFA22275CDA1A006281E2 /* Resources */ = {
			isa = PBXResourcesBuildPhase;
			buildActionMask = 2147483647;
			files = (
			);
			runOnlyForDeploymentPostprocessing = 0;
		};
		352EFA3A275CE6BD006281E2 /* Resources */ = {
			isa = PBXResourcesBuildPhase;
			buildActionMask = 2147483647;
			files = (
			);
			runOnlyForDeploymentPostprocessing = 0;
		};
		352EFA41275CE6BD006281E2 /* Resources */ = {
			isa = PBXResourcesBuildPhase;
			buildActionMask = 2147483647;
			files = (
			);
			runOnlyForDeploymentPostprocessing = 0;
		};
/* End PBXResourcesBuildPhase section */

/* Begin PBXSourcesBuildPhase section */
		3523930E275CCBCE00EC7112 /* Sources */ = {
			isa = PBXSourcesBuildPhase;
			buildActionMask = 2147483647;
			files = (
				352EFA7A275D074F006281E2 /* ImageCache.swift in Sources */,
				352EFA86275D1F87006281E2 /* PhotoViewModel.swift in Sources */,
				352EFA64275CF41C006281E2 /* CompositionRoot.swift in Sources */,
				35239316275CCBCE00EC7112 /* FlickerSampleApp.swift in Sources */,
				352EFA84275D0D47006281E2 /* AsyncImageView.swift in Sources */,
				352EFA71275CF50C006281E2 /* PhotoContainerViewModel.swift in Sources */,
				352EFA7C275D07C4006281E2 /* ImageCaching.swift in Sources */,
				352EFA82275D0CD5006281E2 /* ImageLoader.swift in Sources */,
				352EFA6F275CF504006281E2 /* PhotoContainerView.swift in Sources */,
				352EFA80275D0C8B006281E2 /* ImageLoading.swift in Sources */,
				352EFA75275D02C3006281E2 /* PhotoListView.swift in Sources */,
			);
			runOnlyForDeploymentPostprocessing = 0;
		};
		3523931E275CCBD200EC7112 /* Sources */ = {
			isa = PBXSourcesBuildPhase;
			buildActionMask = 2147483647;
			files = (
				35239327275CCBD200EC7112 /* FlickerSampleTests.swift in Sources */,
				352EFA78275D04E0006281E2 /* ImageCacheTests.swift in Sources */,
				352EFA7E275D081C006281E2 /* ImageLoaderTests.swift in Sources */,
			);
			runOnlyForDeploymentPostprocessing = 0;
		};
		35239340275CCCBC00EC7112 /* Sources */ = {
			isa = PBXSourcesBuildPhase;
			buildActionMask = 2147483647;
			files = (
				3523935E275CD4DD00EC7112 /* NetworkError.swift in Sources */,
				3523935A275CD47B00EC7112 /* NetworkRequestClient.swift in Sources */,
				3523935C275CD4A800EC7112 /* NetworkClient.swift in Sources */,
			);
			runOnlyForDeploymentPostprocessing = 0;
		};
		35239347275CCCBC00EC7112 /* Sources */ = {
			isa = PBXSourcesBuildPhase;
			buildActionMask = 2147483647;
			files = (
				35239351275CCCBC00EC7112 /* NetworkServicesTests.swift in Sources */,
			);
			runOnlyForDeploymentPostprocessing = 0;
		};
		352EFA19275CDA1A006281E2 /* Sources */ = {
			isa = PBXSourcesBuildPhase;
			buildActionMask = 2147483647;
			files = (
				352EFA33275CE34A006281E2 /* Config.swift in Sources */,
				352EFA60275CED00006281E2 /* PhotoLoader.swift in Sources */,
				352EFA5E275CECF8006281E2 /* PhotoAdapter.swift in Sources */,
				352EFA5C275CECC4006281E2 /* PhotoViewModel.swift in Sources */,
				352EFA35275CE36D006281E2 /* EndpointFactory.swift in Sources */,
				352EFA62275CED1F006281E2 /* PhotoRequest.swift in Sources */,
				352EFA5A275CECAD006281E2 /* ContainerPhotoViewModel.swift in Sources */,
			);
			runOnlyForDeploymentPostprocessing = 0;
		};
		352EFA20275CDA1A006281E2 /* Sources */ = {
			isa = PBXSourcesBuildPhase;
			buildActionMask = 2147483647;
			files = (
				352EFA2A275CDA1A006281E2 /* AdaptersTests.swift in Sources */,
			);
			runOnlyForDeploymentPostprocessing = 0;
		};
		352EFA38275CE6BD006281E2 /* Sources */ = {
			isa = PBXSourcesBuildPhase;
			buildActionMask = 2147483647;
			files = (
				352EFA52275CE6E8006281E2 /* RemotePhoto.swift in Sources */,
			);
			runOnlyForDeploymentPostprocessing = 0;
		};
		352EFA3F275CE6BD006281E2 /* Sources */ = {
			isa = PBXSourcesBuildPhase;
			buildActionMask = 2147483647;
			files = (
			);
			runOnlyForDeploymentPostprocessing = 0;
		};
/* End PBXSourcesBuildPhase section */

/* Begin PBXTargetDependency section */
		35239324275CCBD200EC7112 /* PBXTargetDependency */ = {
			isa = PBXTargetDependency;
			target = 35239311275CCBCE00EC7112 /* FlickerSample */;
			targetProxy = 35239323275CCBD200EC7112 /* PBXContainerItemProxy */;
		};
		3523934E275CCCBC00EC7112 /* PBXTargetDependency */ = {
			isa = PBXTargetDependency;
			target = 35239343275CCCBC00EC7112 /* NetworkServices */;
			targetProxy = 3523934D275CCCBC00EC7112 /* PBXContainerItemProxy */;
		};
		352EFA27275CDA1A006281E2 /* PBXTargetDependency */ = {
			isa = PBXTargetDependency;
			target = 352EFA1C275CDA1A006281E2 /* Adapters */;
			targetProxy = 352EFA26275CDA1A006281E2 /* PBXContainerItemProxy */;
		};
		352EFA46275CE6BD006281E2 /* PBXTargetDependency */ = {
			isa = PBXTargetDependency;
			target = 352EFA3B275CE6BD006281E2 /* Entities */;
			targetProxy = 352EFA45275CE6BD006281E2 /* PBXContainerItemProxy */;
		};
		352EFA57275CE7DB006281E2 /* PBXTargetDependency */ = {
			isa = PBXTargetDependency;
			target = 352EFA3B275CE6BD006281E2 /* Entities */;
			targetProxy = 352EFA56275CE7DB006281E2 /* PBXContainerItemProxy */;
		};
		352EFA68275CF449006281E2 /* PBXTargetDependency */ = {
			isa = PBXTargetDependency;
			platformFilter = ios;
			target = 352EFA1C275CDA1A006281E2 /* Adapters */;
			targetProxy = 352EFA67275CF449006281E2 /* PBXContainerItemProxy */;
		};
		352EFA6D275CF451006281E2 /* PBXTargetDependency */ = {
			isa = PBXTargetDependency;
			platformFilter = ios;
			target = 35239343275CCCBC00EC7112 /* NetworkServices */;
			targetProxy = 352EFA6C275CF451006281E2 /* PBXContainerItemProxy */;
		};
/* End PBXTargetDependency section */

/* Begin XCBuildConfiguration section */
		35239334275CCBD200EC7112 /* Debug */ = {
			isa = XCBuildConfiguration;
			buildSettings = {
				ALWAYS_SEARCH_USER_PATHS = NO;
				CLANG_ANALYZER_NONNULL = YES;
				CLANG_ANALYZER_NUMBER_OBJECT_CONVERSION = YES_AGGRESSIVE;
				CLANG_CXX_LANGUAGE_STANDARD = "gnu++17";
				CLANG_CXX_LIBRARY = "libc++";
				CLANG_ENABLE_MODULES = YES;
				CLANG_ENABLE_OBJC_ARC = YES;
				CLANG_ENABLE_OBJC_WEAK = YES;
				CLANG_WARN_BLOCK_CAPTURE_AUTORELEASING = YES;
				CLANG_WARN_BOOL_CONVERSION = YES;
				CLANG_WARN_COMMA = YES;
				CLANG_WARN_CONSTANT_CONVERSION = YES;
				CLANG_WARN_DEPRECATED_OBJC_IMPLEMENTATIONS = YES;
				CLANG_WARN_DIRECT_OBJC_ISA_USAGE = YES_ERROR;
				CLANG_WARN_DOCUMENTATION_COMMENTS = YES;
				CLANG_WARN_EMPTY_BODY = YES;
				CLANG_WARN_ENUM_CONVERSION = YES;
				CLANG_WARN_INFINITE_RECURSION = YES;
				CLANG_WARN_INT_CONVERSION = YES;
				CLANG_WARN_NON_LITERAL_NULL_CONVERSION = YES;
				CLANG_WARN_OBJC_IMPLICIT_RETAIN_SELF = YES;
				CLANG_WARN_OBJC_LITERAL_CONVERSION = YES;
				CLANG_WARN_OBJC_ROOT_CLASS = YES_ERROR;
				CLANG_WARN_QUOTED_INCLUDE_IN_FRAMEWORK_HEADER = YES;
				CLANG_WARN_RANGE_LOOP_ANALYSIS = YES;
				CLANG_WARN_STRICT_PROTOTYPES = YES;
				CLANG_WARN_SUSPICIOUS_MOVE = YES;
				CLANG_WARN_UNGUARDED_AVAILABILITY = YES_AGGRESSIVE;
				CLANG_WARN_UNREACHABLE_CODE = YES;
				CLANG_WARN__DUPLICATE_METHOD_MATCH = YES;
				COPY_PHASE_STRIP = NO;
				DEBUG_INFORMATION_FORMAT = dwarf;
				ENABLE_STRICT_OBJC_MSGSEND = YES;
				ENABLE_TESTABILITY = YES;
				GCC_C_LANGUAGE_STANDARD = gnu11;
				GCC_DYNAMIC_NO_PIC = NO;
				GCC_NO_COMMON_BLOCKS = YES;
				GCC_OPTIMIZATION_LEVEL = 0;
				GCC_PREPROCESSOR_DEFINITIONS = (
					"DEBUG=1",
					"$(inherited)",
				);
				GCC_WARN_64_TO_32_BIT_CONVERSION = YES;
				GCC_WARN_ABOUT_RETURN_TYPE = YES_ERROR;
				GCC_WARN_UNDECLARED_SELECTOR = YES;
				GCC_WARN_UNINITIALIZED_AUTOS = YES_AGGRESSIVE;
				GCC_WARN_UNUSED_FUNCTION = YES;
				GCC_WARN_UNUSED_VARIABLE = YES;
				IPHONEOS_DEPLOYMENT_TARGET = 15.0;
				MTL_ENABLE_DEBUG_INFO = INCLUDE_SOURCE;
				MTL_FAST_MATH = YES;
				ONLY_ACTIVE_ARCH = YES;
				SDKROOT = iphoneos;
				SWIFT_ACTIVE_COMPILATION_CONDITIONS = DEBUG;
				SWIFT_OPTIMIZATION_LEVEL = "-Onone";
			};
			name = Debug;
		};
		35239335275CCBD200EC7112 /* Release */ = {
			isa = XCBuildConfiguration;
			buildSettings = {
				ALWAYS_SEARCH_USER_PATHS = NO;
				CLANG_ANALYZER_NONNULL = YES;
				CLANG_ANALYZER_NUMBER_OBJECT_CONVERSION = YES_AGGRESSIVE;
				CLANG_CXX_LANGUAGE_STANDARD = "gnu++17";
				CLANG_CXX_LIBRARY = "libc++";
				CLANG_ENABLE_MODULES = YES;
				CLANG_ENABLE_OBJC_ARC = YES;
				CLANG_ENABLE_OBJC_WEAK = YES;
				CLANG_WARN_BLOCK_CAPTURE_AUTORELEASING = YES;
				CLANG_WARN_BOOL_CONVERSION = YES;
				CLANG_WARN_COMMA = YES;
				CLANG_WARN_CONSTANT_CONVERSION = YES;
				CLANG_WARN_DEPRECATED_OBJC_IMPLEMENTATIONS = YES;
				CLANG_WARN_DIRECT_OBJC_ISA_USAGE = YES_ERROR;
				CLANG_WARN_DOCUMENTATION_COMMENTS = YES;
				CLANG_WARN_EMPTY_BODY = YES;
				CLANG_WARN_ENUM_CONVERSION = YES;
				CLANG_WARN_INFINITE_RECURSION = YES;
				CLANG_WARN_INT_CONVERSION = YES;
				CLANG_WARN_NON_LITERAL_NULL_CONVERSION = YES;
				CLANG_WARN_OBJC_IMPLICIT_RETAIN_SELF = YES;
				CLANG_WARN_OBJC_LITERAL_CONVERSION = YES;
				CLANG_WARN_OBJC_ROOT_CLASS = YES_ERROR;
				CLANG_WARN_QUOTED_INCLUDE_IN_FRAMEWORK_HEADER = YES;
				CLANG_WARN_RANGE_LOOP_ANALYSIS = YES;
				CLANG_WARN_STRICT_PROTOTYPES = YES;
				CLANG_WARN_SUSPICIOUS_MOVE = YES;
				CLANG_WARN_UNGUARDED_AVAILABILITY = YES_AGGRESSIVE;
				CLANG_WARN_UNREACHABLE_CODE = YES;
				CLANG_WARN__DUPLICATE_METHOD_MATCH = YES;
				COPY_PHASE_STRIP = NO;
				DEBUG_INFORMATION_FORMAT = "dwarf-with-dsym";
				ENABLE_NS_ASSERTIONS = NO;
				ENABLE_STRICT_OBJC_MSGSEND = YES;
				GCC_C_LANGUAGE_STANDARD = gnu11;
				GCC_NO_COMMON_BLOCKS = YES;
				GCC_WARN_64_TO_32_BIT_CONVERSION = YES;
				GCC_WARN_ABOUT_RETURN_TYPE = YES_ERROR;
				GCC_WARN_UNDECLARED_SELECTOR = YES;
				GCC_WARN_UNINITIALIZED_AUTOS = YES_AGGRESSIVE;
				GCC_WARN_UNUSED_FUNCTION = YES;
				GCC_WARN_UNUSED_VARIABLE = YES;
				IPHONEOS_DEPLOYMENT_TARGET = 15.0;
				MTL_ENABLE_DEBUG_INFO = NO;
				MTL_FAST_MATH = YES;
				SDKROOT = iphoneos;
				SWIFT_COMPILATION_MODE = wholemodule;
				SWIFT_OPTIMIZATION_LEVEL = "-O";
				VALIDATE_PRODUCT = YES;
			};
			name = Release;
		};
		35239337275CCBD200EC7112 /* Debug */ = {
			isa = XCBuildConfiguration;
			buildSettings = {
				ASSETCATALOG_COMPILER_APPICON_NAME = AppIcon;
				ASSETCATALOG_COMPILER_GLOBAL_ACCENT_COLOR_NAME = AccentColor;
				CODE_SIGN_STYLE = Automatic;
				CURRENT_PROJECT_VERSION = 1;
				DEVELOPMENT_ASSET_PATHS = "\"FlickerSample/Preview Content\"";
				ENABLE_PREVIEWS = YES;
				GENERATE_INFOPLIST_FILE = YES;
				INFOPLIST_KEY_UIApplicationSceneManifest_Generation = YES;
				INFOPLIST_KEY_UIApplicationSupportsIndirectInputEvents = YES;
				INFOPLIST_KEY_UILaunchScreen_Generation = YES;
				INFOPLIST_KEY_UISupportedInterfaceOrientations_iPad = "UIInterfaceOrientationPortrait UIInterfaceOrientationPortraitUpsideDown UIInterfaceOrientationLandscapeLeft UIInterfaceOrientationLandscapeRight";
				INFOPLIST_KEY_UISupportedInterfaceOrientations_iPhone = "UIInterfaceOrientationPortrait UIInterfaceOrientationLandscapeLeft UIInterfaceOrientationLandscapeRight";
				IPHONEOS_DEPLOYMENT_TARGET = 14.0;
				LD_RUNPATH_SEARCH_PATHS = (
					"$(inherited)",
					"@executable_path/Frameworks",
				);
				MARKETING_VERSION = 1.0;
				PRODUCT_BUNDLE_IDENTIFIER = com.ugurunlu.FlickerSample;
				PRODUCT_NAME = "$(TARGET_NAME)";
				SWIFT_EMIT_LOC_STRINGS = YES;
				SWIFT_VERSION = 5.0;
				TARGETED_DEVICE_FAMILY = "1,2";
			};
			name = Debug;
		};
		35239338275CCBD200EC7112 /* Release */ = {
			isa = XCBuildConfiguration;
			buildSettings = {
				ASSETCATALOG_COMPILER_APPICON_NAME = AppIcon;
				ASSETCATALOG_COMPILER_GLOBAL_ACCENT_COLOR_NAME = AccentColor;
				CODE_SIGN_STYLE = Automatic;
				CURRENT_PROJECT_VERSION = 1;
				DEVELOPMENT_ASSET_PATHS = "\"FlickerSample/Preview Content\"";
				ENABLE_PREVIEWS = YES;
				GENERATE_INFOPLIST_FILE = YES;
				INFOPLIST_KEY_UIApplicationSceneManifest_Generation = YES;
				INFOPLIST_KEY_UIApplicationSupportsIndirectInputEvents = YES;
				INFOPLIST_KEY_UILaunchScreen_Generation = YES;
				INFOPLIST_KEY_UISupportedInterfaceOrientations_iPad = "UIInterfaceOrientationPortrait UIInterfaceOrientationPortraitUpsideDown UIInterfaceOrientationLandscapeLeft UIInterfaceOrientationLandscapeRight";
				INFOPLIST_KEY_UISupportedInterfaceOrientations_iPhone = "UIInterfaceOrientationPortrait UIInterfaceOrientationLandscapeLeft UIInterfaceOrientationLandscapeRight";
				IPHONEOS_DEPLOYMENT_TARGET = 14.0;
				LD_RUNPATH_SEARCH_PATHS = (
					"$(inherited)",
					"@executable_path/Frameworks",
				);
				MARKETING_VERSION = 1.0;
				PRODUCT_BUNDLE_IDENTIFIER = com.ugurunlu.FlickerSample;
				PRODUCT_NAME = "$(TARGET_NAME)";
				SWIFT_EMIT_LOC_STRINGS = YES;
				SWIFT_VERSION = 5.0;
				TARGETED_DEVICE_FAMILY = "1,2";
			};
			name = Release;
		};
		3523933A275CCBD200EC7112 /* Debug */ = {
			isa = XCBuildConfiguration;
			buildSettings = {
				ALWAYS_EMBED_SWIFT_STANDARD_LIBRARIES = YES;
				BUNDLE_LOADER = "$(TEST_HOST)";
				CODE_SIGN_STYLE = Automatic;
				CURRENT_PROJECT_VERSION = 1;
				GENERATE_INFOPLIST_FILE = YES;
				IPHONEOS_DEPLOYMENT_TARGET = 14.0;
				LD_RUNPATH_SEARCH_PATHS = (
					"$(inherited)",
					"@executable_path/Frameworks",
					"@loader_path/Frameworks",
				);
				MARKETING_VERSION = 1.0;
				PRODUCT_BUNDLE_IDENTIFIER = com.ugurunlu.FlickerSampleTests;
				PRODUCT_NAME = "$(TARGET_NAME)";
				SWIFT_EMIT_LOC_STRINGS = NO;
				SWIFT_VERSION = 5.0;
				TARGETED_DEVICE_FAMILY = "1,2";
				TEST_HOST = "$(BUILT_PRODUCTS_DIR)/FlickerSample.app/FlickerSample";
			};
			name = Debug;
		};
		3523933B275CCBD200EC7112 /* Release */ = {
			isa = XCBuildConfiguration;
			buildSettings = {
				ALWAYS_EMBED_SWIFT_STANDARD_LIBRARIES = YES;
				BUNDLE_LOADER = "$(TEST_HOST)";
				CODE_SIGN_STYLE = Automatic;
				CURRENT_PROJECT_VERSION = 1;
				GENERATE_INFOPLIST_FILE = YES;
				IPHONEOS_DEPLOYMENT_TARGET = 14.0;
				LD_RUNPATH_SEARCH_PATHS = (
					"$(inherited)",
					"@executable_path/Frameworks",
					"@loader_path/Frameworks",
				);
				MARKETING_VERSION = 1.0;
				PRODUCT_BUNDLE_IDENTIFIER = com.ugurunlu.FlickerSampleTests;
				PRODUCT_NAME = "$(TARGET_NAME)";
				SWIFT_EMIT_LOC_STRINGS = NO;
				SWIFT_VERSION = 5.0;
				TARGETED_DEVICE_FAMILY = "1,2";
				TEST_HOST = "$(BUILT_PRODUCTS_DIR)/FlickerSample.app/FlickerSample";
			};
			name = Release;
		};
		35239354275CCCBC00EC7112 /* Debug */ = {
			isa = XCBuildConfiguration;
			buildSettings = {
				CLANG_ENABLE_MODULES = YES;
				CODE_SIGN_STYLE = Automatic;
				COMBINE_HIDPI_IMAGES = YES;
				CURRENT_PROJECT_VERSION = 1;
				DEFINES_MODULE = YES;
				DYLIB_COMPATIBILITY_VERSION = 1;
				DYLIB_CURRENT_VERSION = 1;
				DYLIB_INSTALL_NAME_BASE = "@rpath";
				GENERATE_INFOPLIST_FILE = YES;
				INFOPLIST_KEY_NSHumanReadableCopyright = "";
				INSTALL_PATH = "$(LOCAL_LIBRARY_DIR)/Frameworks";
				IPHONEOS_DEPLOYMENT_TARGET = 14.0;
				LD_RUNPATH_SEARCH_PATHS = (
					"$(inherited)",
					"@executable_path/../Frameworks",
					"@loader_path/Frameworks",
				);
				MACOSX_DEPLOYMENT_TARGET = 11.3;
				MARKETING_VERSION = 1.0;
				PRODUCT_BUNDLE_IDENTIFIER = com.ugurunlu.NetworkServices;
				PRODUCT_NAME = "$(TARGET_NAME:c99extidentifier)";
				SDKROOT = macosx;
				SKIP_INSTALL = YES;
				SUPPORTED_PLATFORMS = "macosx iphonesimulator iphoneos";
				SWIFT_EMIT_LOC_STRINGS = YES;
				SWIFT_OPTIMIZATION_LEVEL = "-Onone";
				SWIFT_VERSION = 5.0;
				VERSIONING_SYSTEM = "apple-generic";
				VERSION_INFO_PREFIX = "";
			};
			name = Debug;
		};
		35239355275CCCBC00EC7112 /* Release */ = {
			isa = XCBuildConfiguration;
			buildSettings = {
				CLANG_ENABLE_MODULES = YES;
				CODE_SIGN_STYLE = Automatic;
				COMBINE_HIDPI_IMAGES = YES;
				CURRENT_PROJECT_VERSION = 1;
				DEFINES_MODULE = YES;
				DYLIB_COMPATIBILITY_VERSION = 1;
				DYLIB_CURRENT_VERSION = 1;
				DYLIB_INSTALL_NAME_BASE = "@rpath";
				GENERATE_INFOPLIST_FILE = YES;
				INFOPLIST_KEY_NSHumanReadableCopyright = "";
				INSTALL_PATH = "$(LOCAL_LIBRARY_DIR)/Frameworks";
				IPHONEOS_DEPLOYMENT_TARGET = 14.0;
				LD_RUNPATH_SEARCH_PATHS = (
					"$(inherited)",
					"@executable_path/../Frameworks",
					"@loader_path/Frameworks",
				);
				MACOSX_DEPLOYMENT_TARGET = 11.3;
				MARKETING_VERSION = 1.0;
				PRODUCT_BUNDLE_IDENTIFIER = com.ugurunlu.NetworkServices;
				PRODUCT_NAME = "$(TARGET_NAME:c99extidentifier)";
				SDKROOT = macosx;
				SKIP_INSTALL = YES;
				SUPPORTED_PLATFORMS = "macosx iphonesimulator iphoneos";
				SWIFT_EMIT_LOC_STRINGS = YES;
				SWIFT_VERSION = 5.0;
				VERSIONING_SYSTEM = "apple-generic";
				VERSION_INFO_PREFIX = "";
			};
			name = Release;
		};
		35239357275CCCBC00EC7112 /* Debug */ = {
			isa = XCBuildConfiguration;
			buildSettings = {
				ALWAYS_EMBED_SWIFT_STANDARD_LIBRARIES = YES;
				CODE_SIGN_STYLE = Automatic;
				COMBINE_HIDPI_IMAGES = YES;
				CURRENT_PROJECT_VERSION = 1;
				GENERATE_INFOPLIST_FILE = YES;
				LD_RUNPATH_SEARCH_PATHS = (
					"$(inherited)",
					"@executable_path/../Frameworks",
					"@loader_path/../Frameworks",
				);
				MACOSX_DEPLOYMENT_TARGET = 11.3;
				MARKETING_VERSION = 1.0;
				PRODUCT_BUNDLE_IDENTIFIER = com.ugurunlu.NetworkServicesTests;
				PRODUCT_NAME = "$(TARGET_NAME)";
				SDKROOT = macosx;
				SWIFT_EMIT_LOC_STRINGS = NO;
				SWIFT_VERSION = 5.0;
			};
			name = Debug;
		};
		35239358275CCCBC00EC7112 /* Release */ = {
			isa = XCBuildConfiguration;
			buildSettings = {
				ALWAYS_EMBED_SWIFT_STANDARD_LIBRARIES = YES;
				CODE_SIGN_STYLE = Automatic;
				COMBINE_HIDPI_IMAGES = YES;
				CURRENT_PROJECT_VERSION = 1;
				GENERATE_INFOPLIST_FILE = YES;
				LD_RUNPATH_SEARCH_PATHS = (
					"$(inherited)",
					"@executable_path/../Frameworks",
					"@loader_path/../Frameworks",
				);
				MACOSX_DEPLOYMENT_TARGET = 11.3;
				MARKETING_VERSION = 1.0;
				PRODUCT_BUNDLE_IDENTIFIER = com.ugurunlu.NetworkServicesTests;
				PRODUCT_NAME = "$(TARGET_NAME)";
				SDKROOT = macosx;
				SWIFT_EMIT_LOC_STRINGS = NO;
				SWIFT_VERSION = 5.0;
			};
			name = Release;
		};
		352EFA2D275CDA1A006281E2 /* Debug */ = {
			isa = XCBuildConfiguration;
			buildSettings = {
				CLANG_ENABLE_MODULES = YES;
				CODE_SIGN_STYLE = Automatic;
				COMBINE_HIDPI_IMAGES = YES;
				CURRENT_PROJECT_VERSION = 1;
				DEFINES_MODULE = YES;
				DEVELOPMENT_ASSET_PATHS = "";
				DYLIB_COMPATIBILITY_VERSION = 1;
				DYLIB_CURRENT_VERSION = 1;
				DYLIB_INSTALL_NAME_BASE = "@rpath";
				GENERATE_INFOPLIST_FILE = YES;
				INFOPLIST_KEY_NSHumanReadableCopyright = "";
				INSTALL_PATH = "$(LOCAL_LIBRARY_DIR)/Frameworks";
				IPHONEOS_DEPLOYMENT_TARGET = 14.0;
				LD_RUNPATH_SEARCH_PATHS = (
					"$(inherited)",
					"@executable_path/../Frameworks",
					"@loader_path/Frameworks",
				);
				MACOSX_DEPLOYMENT_TARGET = 11.3;
				MARKETING_VERSION = 1.0;
				PRODUCT_BUNDLE_IDENTIFIER = com.ugurunlu.Adapters;
				PRODUCT_NAME = "$(TARGET_NAME:c99extidentifier)";
				SDKROOT = macosx;
				SKIP_INSTALL = YES;
				SUPPORTED_PLATFORMS = "macosx iphonesimulator iphoneos";
				SWIFT_EMIT_LOC_STRINGS = YES;
				SWIFT_OPTIMIZATION_LEVEL = "-Onone";
				SWIFT_VERSION = 5.0;
				VERSIONING_SYSTEM = "apple-generic";
				VERSION_INFO_PREFIX = "";
			};
			name = Debug;
		};
		352EFA2E275CDA1A006281E2 /* Release */ = {
			isa = XCBuildConfiguration;
			buildSettings = {
				CLANG_ENABLE_MODULES = YES;
				CODE_SIGN_STYLE = Automatic;
				COMBINE_HIDPI_IMAGES = YES;
				CURRENT_PROJECT_VERSION = 1;
				DEFINES_MODULE = YES;
				DEVELOPMENT_ASSET_PATHS = "";
				DYLIB_COMPATIBILITY_VERSION = 1;
				DYLIB_CURRENT_VERSION = 1;
				DYLIB_INSTALL_NAME_BASE = "@rpath";
				GENERATE_INFOPLIST_FILE = YES;
				INFOPLIST_KEY_NSHumanReadableCopyright = "";
				INSTALL_PATH = "$(LOCAL_LIBRARY_DIR)/Frameworks";
				IPHONEOS_DEPLOYMENT_TARGET = 14.0;
				LD_RUNPATH_SEARCH_PATHS = (
					"$(inherited)",
					"@executable_path/../Frameworks",
					"@loader_path/Frameworks",
				);
				MACOSX_DEPLOYMENT_TARGET = 11.3;
				MARKETING_VERSION = 1.0;
				PRODUCT_BUNDLE_IDENTIFIER = com.ugurunlu.Adapters;
				PRODUCT_NAME = "$(TARGET_NAME:c99extidentifier)";
				SDKROOT = macosx;
				SKIP_INSTALL = YES;
				SUPPORTED_PLATFORMS = "macosx iphonesimulator iphoneos";
				SWIFT_EMIT_LOC_STRINGS = YES;
				SWIFT_VERSION = 5.0;
				VERSIONING_SYSTEM = "apple-generic";
				VERSION_INFO_PREFIX = "";
			};
			name = Release;
		};
		352EFA30275CDA1A006281E2 /* Debug */ = {
			isa = XCBuildConfiguration;
			buildSettings = {
				ALWAYS_EMBED_SWIFT_STANDARD_LIBRARIES = YES;
				CODE_SIGN_STYLE = Automatic;
				COMBINE_HIDPI_IMAGES = YES;
				CURRENT_PROJECT_VERSION = 1;
				GENERATE_INFOPLIST_FILE = YES;
				LD_RUNPATH_SEARCH_PATHS = (
					"$(inherited)",
					"@executable_path/../Frameworks",
					"@loader_path/../Frameworks",
				);
				MACOSX_DEPLOYMENT_TARGET = 11.3;
				MARKETING_VERSION = 1.0;
				PRODUCT_BUNDLE_IDENTIFIER = com.ugurunlu.AdaptersTests;
				PRODUCT_NAME = "$(TARGET_NAME)";
				SDKROOT = macosx;
				SWIFT_EMIT_LOC_STRINGS = NO;
				SWIFT_VERSION = 5.0;
			};
			name = Debug;
		};
		352EFA31275CDA1A006281E2 /* Release */ = {
			isa = XCBuildConfiguration;
			buildSettings = {
				ALWAYS_EMBED_SWIFT_STANDARD_LIBRARIES = YES;
				CODE_SIGN_STYLE = Automatic;
				COMBINE_HIDPI_IMAGES = YES;
				CURRENT_PROJECT_VERSION = 1;
				GENERATE_INFOPLIST_FILE = YES;
				LD_RUNPATH_SEARCH_PATHS = (
					"$(inherited)",
					"@executable_path/../Frameworks",
					"@loader_path/../Frameworks",
				);
				MACOSX_DEPLOYMENT_TARGET = 11.3;
				MARKETING_VERSION = 1.0;
				PRODUCT_BUNDLE_IDENTIFIER = com.ugurunlu.AdaptersTests;
				PRODUCT_NAME = "$(TARGET_NAME)";
				SDKROOT = macosx;
				SWIFT_EMIT_LOC_STRINGS = NO;
				SWIFT_VERSION = 5.0;
			};
			name = Release;
		};
		352EFA4C275CE6BD006281E2 /* Debug */ = {
			isa = XCBuildConfiguration;
			buildSettings = {
				CLANG_ENABLE_MODULES = YES;
				CODE_SIGN_STYLE = Automatic;
				COMBINE_HIDPI_IMAGES = YES;
				CURRENT_PROJECT_VERSION = 1;
				DEFINES_MODULE = YES;
				DYLIB_COMPATIBILITY_VERSION = 1;
				DYLIB_CURRENT_VERSION = 1;
				DYLIB_INSTALL_NAME_BASE = "@rpath";
				GENERATE_INFOPLIST_FILE = YES;
				INFOPLIST_KEY_NSHumanReadableCopyright = "";
				INSTALL_PATH = "$(LOCAL_LIBRARY_DIR)/Frameworks";
				IPHONEOS_DEPLOYMENT_TARGET = 14.0;
				LD_RUNPATH_SEARCH_PATHS = (
					"$(inherited)",
					"@executable_path/../Frameworks",
					"@loader_path/Frameworks",
				);
				MACOSX_DEPLOYMENT_TARGET = 11.3;
				MARKETING_VERSION = 1.0;
				PRODUCT_BUNDLE_IDENTIFIER = com.ugurunlu.Entities;
				PRODUCT_NAME = "$(TARGET_NAME:c99extidentifier)";
				SDKROOT = macosx;
				SKIP_INSTALL = YES;
				SUPPORTED_PLATFORMS = "macosx iphonesimulator iphoneos";
				SWIFT_EMIT_LOC_STRINGS = YES;
				SWIFT_OPTIMIZATION_LEVEL = "-Onone";
				SWIFT_VERSION = 5.0;
				VERSIONING_SYSTEM = "apple-generic";
				VERSION_INFO_PREFIX = "";
			};
			name = Debug;
		};
		352EFA4D275CE6BD006281E2 /* Release */ = {
			isa = XCBuildConfiguration;
			buildSettings = {
				CLANG_ENABLE_MODULES = YES;
				CODE_SIGN_STYLE = Automatic;
				COMBINE_HIDPI_IMAGES = YES;
				CURRENT_PROJECT_VERSION = 1;
				DEFINES_MODULE = YES;
				DYLIB_COMPATIBILITY_VERSION = 1;
				DYLIB_CURRENT_VERSION = 1;
				DYLIB_INSTALL_NAME_BASE = "@rpath";
				GENERATE_INFOPLIST_FILE = YES;
				INFOPLIST_KEY_NSHumanReadableCopyright = "";
				INSTALL_PATH = "$(LOCAL_LIBRARY_DIR)/Frameworks";
				IPHONEOS_DEPLOYMENT_TARGET = 14.0;
				LD_RUNPATH_SEARCH_PATHS = (
					"$(inherited)",
					"@executable_path/../Frameworks",
					"@loader_path/Frameworks",
				);
				MACOSX_DEPLOYMENT_TARGET = 11.3;
				MARKETING_VERSION = 1.0;
				PRODUCT_BUNDLE_IDENTIFIER = com.ugurunlu.Entities;
				PRODUCT_NAME = "$(TARGET_NAME:c99extidentifier)";
				SDKROOT = macosx;
				SKIP_INSTALL = YES;
				SUPPORTED_PLATFORMS = "macosx iphonesimulator iphoneos";
				SWIFT_EMIT_LOC_STRINGS = YES;
				SWIFT_VERSION = 5.0;
				VERSIONING_SYSTEM = "apple-generic";
				VERSION_INFO_PREFIX = "";
			};
			name = Release;
		};
		352EFA4F275CE6BD006281E2 /* Debug */ = {
			isa = XCBuildConfiguration;
			buildSettings = {
				ALWAYS_EMBED_SWIFT_STANDARD_LIBRARIES = YES;
				CODE_SIGN_STYLE = Automatic;
				COMBINE_HIDPI_IMAGES = YES;
				CURRENT_PROJECT_VERSION = 1;
				GENERATE_INFOPLIST_FILE = YES;
				LD_RUNPATH_SEARCH_PATHS = (
					"$(inherited)",
					"@executable_path/../Frameworks",
					"@loader_path/../Frameworks",
				);
				MACOSX_DEPLOYMENT_TARGET = 11.3;
				MARKETING_VERSION = 1.0;
				PRODUCT_BUNDLE_IDENTIFIER = com.ugurunlu.EntitiesTests;
				PRODUCT_NAME = "$(TARGET_NAME)";
				SDKROOT = macosx;
				SWIFT_EMIT_LOC_STRINGS = NO;
				SWIFT_VERSION = 5.0;
			};
			name = Debug;
		};
		352EFA50275CE6BD006281E2 /* Release */ = {
			isa = XCBuildConfiguration;
			buildSettings = {
				ALWAYS_EMBED_SWIFT_STANDARD_LIBRARIES = YES;
				CODE_SIGN_STYLE = Automatic;
				COMBINE_HIDPI_IMAGES = YES;
				CURRENT_PROJECT_VERSION = 1;
				GENERATE_INFOPLIST_FILE = YES;
				LD_RUNPATH_SEARCH_PATHS = (
					"$(inherited)",
					"@executable_path/../Frameworks",
					"@loader_path/../Frameworks",
				);
				MACOSX_DEPLOYMENT_TARGET = 11.3;
				MARKETING_VERSION = 1.0;
				PRODUCT_BUNDLE_IDENTIFIER = com.ugurunlu.EntitiesTests;
				PRODUCT_NAME = "$(TARGET_NAME)";
				SDKROOT = macosx;
				SWIFT_EMIT_LOC_STRINGS = NO;
				SWIFT_VERSION = 5.0;
			};
			name = Release;
		};
/* End XCBuildConfiguration section */

/* Begin XCConfigurationList section */
		3523930D275CCBCD00EC7112 /* Build configuration list for PBXProject "FlickerSample" */ = {
			isa = XCConfigurationList;
			buildConfigurations = (
				35239334275CCBD200EC7112 /* Debug */,
				35239335275CCBD200EC7112 /* Release */,
			);
			defaultConfigurationIsVisible = 0;
			defaultConfigurationName = Release;
		};
		35239336275CCBD200EC7112 /* Build configuration list for PBXNativeTarget "FlickerSample" */ = {
			isa = XCConfigurationList;
			buildConfigurations = (
				35239337275CCBD200EC7112 /* Debug */,
				35239338275CCBD200EC7112 /* Release */,
			);
			defaultConfigurationIsVisible = 0;
			defaultConfigurationName = Release;
		};
		35239339275CCBD200EC7112 /* Build configuration list for PBXNativeTarget "FlickerSampleTests" */ = {
			isa = XCConfigurationList;
			buildConfigurations = (
				3523933A275CCBD200EC7112 /* Debug */,
				3523933B275CCBD200EC7112 /* Release */,
			);
			defaultConfigurationIsVisible = 0;
			defaultConfigurationName = Release;
		};
		35239353275CCCBC00EC7112 /* Build configuration list for PBXNativeTarget "NetworkServices" */ = {
			isa = XCConfigurationList;
			buildConfigurations = (
				35239354275CCCBC00EC7112 /* Debug */,
				35239355275CCCBC00EC7112 /* Release */,
			);
			defaultConfigurationIsVisible = 0;
			defaultConfigurationName = Release;
		};
		35239356275CCCBC00EC7112 /* Build configuration list for PBXNativeTarget "NetworkServicesTests" */ = {
			isa = XCConfigurationList;
			buildConfigurations = (
				35239357275CCCBC00EC7112 /* Debug */,
				35239358275CCCBC00EC7112 /* Release */,
			);
			defaultConfigurationIsVisible = 0;
			defaultConfigurationName = Release;
		};
		352EFA2C275CDA1A006281E2 /* Build configuration list for PBXNativeTarget "Adapters" */ = {
			isa = XCConfigurationList;
			buildConfigurations = (
				352EFA2D275CDA1A006281E2 /* Debug */,
				352EFA2E275CDA1A006281E2 /* Release */,
			);
			defaultConfigurationIsVisible = 0;
			defaultConfigurationName = Release;
		};
		352EFA2F275CDA1A006281E2 /* Build configuration list for PBXNativeTarget "AdaptersTests" */ = {
			isa = XCConfigurationList;
			buildConfigurations = (
				352EFA30275CDA1A006281E2 /* Debug */,
				352EFA31275CDA1A006281E2 /* Release */,
			);
			defaultConfigurationIsVisible = 0;
			defaultConfigurationName = Release;
		};
		352EFA4B275CE6BD006281E2 /* Build configuration list for PBXNativeTarget "Entities" */ = {
			isa = XCConfigurationList;
			buildConfigurations = (
				352EFA4C275CE6BD006281E2 /* Debug */,
				352EFA4D275CE6BD006281E2 /* Release */,
			);
			defaultConfigurationIsVisible = 0;
			defaultConfigurationName = Release;
		};
		352EFA4E275CE6BD006281E2 /* Build configuration list for PBXNativeTarget "EntitiesTests" */ = {
			isa = XCConfigurationList;
			buildConfigurations = (
				352EFA4F275CE6BD006281E2 /* Debug */,
				352EFA50275CE6BD006281E2 /* Release */,
			);
			defaultConfigurationIsVisible = 0;
			defaultConfigurationName = Release;
		};
/* End XCConfigurationList section */
	};
	rootObject = 3523930A275CCBCD00EC7112 /* Project object */;
}
